
Microsoft Visual Studio Solution File, Format Version 12.00
# Visual Studio Version 17
VisualStudioVersion = 17.0.31903.59
MinimumVisualStudioVersion = 10.0.40219.1
Project("{2150E333-8FDC-42A3-9474-1A3956D46DE8}") = "src", "src", "{F5EA0656-5683-447B-B36C-AEBA217B6EBC}"
EndProject
Project("{FAE04EC0-301F-11D3-BF4B-00C04F79EFBC}") = "ArcadeOS.Api", "src\ArcadeOS.Api\ArcadeOS.Api.csproj", "{3EE8FCB5-DA81-49D9-A4C6-491B469CEE08}"
EndProject
Project("{2150E333-8FDC-42A3-9474-1A3956D46DE8}") = "tests", "tests", "{87C84DC6-2171-43CA-81F1-8878B6C2548D}"
EndProject
Project("{FAE04EC0-301F-11D3-BF4B-00C04F79EFBC}") = "ArcadeOS.UnitTests", "tests\ArcadeOS.UnitTests\ArcadeOS.UnitTests.csproj", "{D656DDB2-09DC-421D-A9E0-35B42B522B97}"
EndProject
Global
	GlobalSection(SolutionConfigurationPlatforms) = preSolution
		Debug|Any CPU = Debug|Any CPU
		Release|Any CPU = Release|Any CPU
	EndGlobalSection
	GlobalSection(SolutionProperties) = preSolution
		HideSolutionNode = FALSE
	EndGlobalSection
	GlobalSection(ProjectConfigurationPlatforms) = postSolution
		{3EE8FCB5-DA81-49D9-A4C6-491B469CEE08}.Debug|Any CPU.ActiveCfg = Debug|Any CPU
		{3EE8FCB5-DA81-49D9-A4C6-491B469CEE08}.Debug|Any CPU.Build.0 = Debug|Any CPU
		{3EE8FCB5-DA81-49D9-A4C6-491B469CEE08}.Release|Any CPU.ActiveCfg = Release|Any CPU
		{3EE8FCB5-DA81-49D9-A4C6-491B469CEE08}.Release|Any CPU.Build.0 = Release|Any CPU
		{D656DDB2-09DC-421D-A9E0-35B42B522B97}.Debug|Any CPU.ActiveCfg = Debug|Any CPU
		{D656DDB2-09DC-421D-A9E0-35B42B522B97}.Debug|Any CPU.Build.0 = Debug|Any CPU
		{D656DDB2-09DC-421D-A9E0-35B42B522B97}.Release|Any CPU.ActiveCfg = Release|Any CPU
		{D656DDB2-09DC-421D-A9E0-35B42B522B97}.Release|Any CPU.Build.0 = Release|Any CPU
	EndGlobalSection
	GlobalSection(NestedProjects) = preSolution
		{3EE8FCB5-DA81-49D9-A4C6-491B469CEE08} = {F5EA0656-5683-447B-B36C-AEBA217B6EBC}
		{D656DDB2-09DC-421D-A9E0-35B42B522B97} = {87C84DC6-2171-43CA-81F1-8878B6C2548D}
	EndGlobalSection
EndGlobal
